
Microsoft Visual Studio Solution File, Format Version 12.00
# Visual Studio 15
VisualStudioVersion = 15.0.27703.2018
MinimumVisualStudioVersion = 10.0.40219.1
Project("{FAE04EC0-301F-11D3-BF4B-00C04F79EFBC}") = "Trepapp", "Trepapp\Trepapp.csproj", "{D8C549B5-9FCA-426F-88F5-17228D06DD8B}"
EndProject
Global
	GlobalSection(SolutionConfigurationPlatforms) = preSolution
		Debug|Any CPU = Debug|Any CPU
		Release|Any CPU = Release|Any CPU
	EndGlobalSection
	GlobalSection(ProjectConfigurationPlatforms) = postSolution
		{D8C549B5-9FCA-426F-88F5-17228D06DD8B}.Debug|Any CPU.ActiveCfg = Debug|Any CPU
		{D8C549B5-9FCA-426F-88F5-17228D06DD8B}.Debug|Any CPU.Build.0 = Debug|Any CPU
		{D8C549B5-9FCA-426F-88F5-17228D06DD8B}.Release|Any CPU.ActiveCfg = Release|Any CPU
		{D8C549B5-9FCA-426F-88F5-17228D06DD8B}.Release|Any CPU.Build.0 = Release|Any CPU
	EndGlobalSection
	GlobalSection(SolutionProperties) = preSolution
		HideSolutionNode = FALSE
	EndGlobalSection
	GlobalSection(ExtensibilityGlobals) = postSolution
		SolutionGuid = {D9BC631D-559D-45D8-A001-CE5FE42B2896}
	EndGlobalSection
EndGlobal
